# THIS IS AN AUTOGENERATED FILE. DO NOT EDIT THIS FILE DIRECTLY.
# yarn lockfile v1


babylonjs-gltf2interface@4.2.0:
  version "4.2.0"
  resolved "https://registry.npmjs.org/babylonjs-gltf2interface/-/babylonjs-gltf2interface-4.2.0.tgz#b0ef1e11e3574cf2c6f573d0c5c34857a2a7b322"

babylonjs-loaders@^4.2.0:
  version "4.2.0"
  resolved "https://registry.npmjs.org/babylonjs-loaders/-/babylonjs-loaders-4.2.0.tgz#3d536cb72bf8650fe7f1cee12380bea3227d79c0"
  dependencies:
    babylonjs "4.2.0"
    babylonjs-gltf2interface "4.2.0"

babylonjs-materials@^4.2.0:
  version "4.2.0"
  resolved "https://registry.npmjs.org/babylonjs-materials/-/babylonjs-materials-4.2.0.tgz#d521f40dcab7a7f874147bdda86b566294fb0606"
  dependencies:
    babylonjs "4.2.0"

babylonjs@4.2.0, babylonjs@^4.2.0:
  version "4.2.0"
  resolved "https://registry.npmjs.org/babylonjs/-/babylonjs-4.2.0.tgz#8f0d957a726de4c065904b14c2f413f455145d38"

big-integer@^1.6.7:
  version "1.6.48"
  resolved "https://registry.npmjs.org/big-integer/-/big-integer-1.6.48.tgz#8fd88bd1632cba4a1c8c3e3d7159f08bb95b4b9e"

bplist-parser@^0.1.0:
  version "0.1.1"
  resolved "https://registry.npmjs.org/bplist-parser/-/bplist-parser-0.1.1.tgz#d60d5dcc20cba6dc7e1f299b35d3e1f95dafbae6"
  dependencies:
    big-integer "^1.6.7"

default-browser-id@^2.0.0:
  version "2.0.0"
  resolved "https://registry.npmjs.org/default-browser-id/-/default-browser-id-2.0.0.tgz#01ecce371a71e85f15a17177e7863047e73dbe7d"
  dependencies:
    bplist-parser "^0.1.0"
    pify "^2.3.0"
    untildify "^2.0.0"

esbuild@^0.8.7:
  version "0.8.55"
  resolved "https://registry.npmjs.org/esbuild/-/esbuild-0.8.55.tgz#4bf949c44db4ffc2a206ac0c002e8e94eecff7d5"

fsevents@^2.2.0, fsevents@~2.3.1:
  version "2.3.2"
  resolved "https://registry.npmjs.org/fsevents/-/fsevents-2.3.2.tgz#8a526f78b8fdf4623b709e0b975c52c24c02fd1a"

function-bind@^1.1.1:
  version "1.1.1"
  resolved "https://registry.npmjs.org/function-bind/-/function-bind-1.1.1.tgz#a56899d3ea3c9bab874bb9773b7c5ede92f4895d"

has@^1.0.3:
  version "1.0.3"
  resolved "https://registry.npmjs.org/has/-/has-1.0.3.tgz#722d7cbfc1f6aa8241f16dd814e011e1f41e8796"
  dependencies:
    function-bind "^1.1.1"

is-core-module@^2.2.0:
  version "2.2.0"
  resolved "https://registry.npmjs.org/is-core-module/-/is-core-module-2.2.0.tgz#97037ef3d52224d85163f5597b2b63d9afed981a"
  dependencies:
    has "^1.0.3"

is-docker@^2.0.0:
  version "2.1.1"
  resolved "https://registry.npmjs.org/is-docker/-/is-docker-2.1.1.tgz#4125a88e44e450d384e09047ede71adc2d144156"

is-wsl@^2.1.1:
  version "2.2.0"
  resolved "https://registry.npmjs.org/is-wsl/-/is-wsl-2.2.0.tgz#74a4c76e77ca9fd3f932f290c17ea326cd157271"
  dependencies:
    is-docker "^2.0.0"

open@^7.0.4:
  version "7.4.2"
  resolved "https://registry.npmjs.org/open/-/open-7.4.2.tgz#b8147e26dcf3e426316c730089fd71edd29c2321"
  dependencies:
    is-docker "^2.0.0"
    is-wsl "^2.1.1"

os-homedir@^1.0.0:
  version "1.0.2"
  resolved "https://registry.npmjs.org/os-homedir/-/os-homedir-1.0.2.tgz#ffbc4988336e0e833de0c168c7ef152121aa7fb3"

path-parse@^1.0.6:
  version "1.0.6"
  resolved "https://registry.npmjs.org/path-parse/-/path-parse-1.0.6.tgz#d62dbb5679405d72c4737ec58600e9ddcf06d24c"

pify@^2.3.0:
  version "2.3.0"
  resolved "https://registry.npmjs.org/pify/-/pify-2.3.0.tgz#ed141a6ac043a849ea588498e7dca8b15330e90c"

resolve@^1.20.0:
  version "1.20.0"
  resolved "https://registry.npmjs.org/resolve/-/resolve-1.20.0.tgz#629a013fb3f70755d6f0b7935cc1c2c5378b1975"
  dependencies:
    is-core-module "^2.2.0"
    path-parse "^1.0.6"

rollup@^2.34.0:
  version "2.40.0"
  resolved "https://registry.npmjs.org/rollup/-/rollup-2.40.0.tgz#efc218eaede7ab590954df50f96195188999c304"
  optionalDependencies:
    fsevents "~2.3.1"

snowpack@^3.0.13:
  version "3.0.13"
  resolved "https://registry.npmjs.org/snowpack/-/snowpack-3.0.13.tgz#25e6434b186d916f69b0bae6325bda4f1451c035"
  dependencies:
    default-browser-id "^2.0.0"
    esbuild "^0.8.7"
    open "^7.0.4"
    resolve "^1.20.0"
    rollup "^2.34.0"
  optionalDependencies:
    fsevents "^2.2.0"

stats-js@^1.0.1:
  version "1.0.1"
  resolved "https://registry.yarnpkg.com/stats-js/-/stats-js-1.0.1.tgz#377c36490c1935b9a4e68bf3acc3afeb59878f66"

stats.js@^0.17.0:
  version "0.17.0"
  resolved "https://registry.yarnpkg.com/stats.js/-/stats.js-0.17.0.tgz#b1c3dc46d94498b578b7fd3985b81ace7131cc7d"

three@^0.126.1:
  version "0.126.1"
  resolved "https://registry.yarnpkg.com/three/-/three-0.126.1.tgz#cf4e4e52060fd952f6f0d5440cbd422c66bc4be7"

untildify@^2.0.0:
  version "2.1.0"
  resolved "https://registry.npmjs.org/untildify/-/untildify-2.1.0.tgz#17eb2807987f76952e9c0485fc311d06a826a2e0"
  dependencies:
    os-homedir "^1.0.0"
